
Microsoft Visual Studio Solution File, Format Version 12.00
# Visual Studio Version 17
VisualStudioVersion = 17.9.34728.123
MinimumVisualStudioVersion = 10.0.40219.1
Project("{FAE04EC0-301F-11D3-BF4B-00C04F79EFBC}") = "Инспекция", "Инспекция\Инспекция.csproj", "{AA16C6ED-5B44-4B05-89F8-EA54376F0211}"
EndProject
Global
	GlobalSection(SolutionConfigurationPlatforms) = preSolution
		Debug|Any CPU = Debug|Any CPU
		Release|Any CPU = Release|Any CPU
	EndGlobalSection
	GlobalSection(ProjectConfigurationPlatforms) = postSolution
		{AA16C6ED-5B44-4B05-89F8-EA54376F0211}.Debug|Any CPU.ActiveCfg = Debug|Any CPU
		{AA16C6ED-5B44-4B05-89F8-EA54376F0211}.Debug|Any CPU.Build.0 = Debug|Any CPU
		{AA16C6ED-5B44-4B05-89F8-EA54376F0211}.Release|Any CPU.ActiveCfg = Release|Any CPU
		{AA16C6ED-5B44-4B05-89F8-EA54376F0211}.Release|Any CPU.Build.0 = Release|Any CPU
	EndGlobalSection
	GlobalSection(SolutionProperties) = preSolution
		HideSolutionNode = FALSE
	EndGlobalSection
	GlobalSection(ExtensibilityGlobals) = postSolution
		SolutionGuid = {876847A0-57EF-44A6-BF3C-A3765027CC09}
	EndGlobalSection
EndGlobal
